{
    "_readme": [
        "This file locks the dependencies of your project to a known state",
        "Read more about it at https://getcomposer.org/doc/01-basic-usage.md#installing-dependencies",
        "This file is @generated automatically"
    ],
    "content-hash": "08aff9ef38b5ce4c854f9b0eaeae04c7",
    "packages": [
        {
            "name": "yana22051994/yana01",
            "version": "dev-master",
            "source": {
                "type": "git",
                "url": "https://github.com/Yana22051994/my_first_package.git",
                "reference": "53b21b54fd259b2df9a5fc036c4a517840f008da"
            },
            "dist": {
                "type": "zip",
                "url": "https://api.github.com/repos/Yana22051994/my_first_package/zipball/53b21b54fd259b2df9a5fc036c4a517840f008da",
                "reference": "53b21b54fd259b2df9a5fc036c4a517840f008da",
                "shasum": ""
            },
            "type": "library",
            "autoload": {
                "psr-4": {
                    "App\\": "./app"
                }
            },
            "notification-url": "https://packagist.org/downloads/",
            "authors": [
                {
                    "name": "Яна",
                    "email": "andreiocsana@gmail.com"
                }
            ],
            "time": "2020-09-27T14:54:06+00:00"
        }
    ],
    "packages-dev": [],
    "aliases": [],
    "minimum-stability": "stable",
    "stability-flags": {
        "yana22051994/yana01": 20
    },
    "prefer-stable": false,
    "prefer-lowest": false,
    "platform": [],
    "platform-dev": [],
    "plugin-api-version": "1.1.0"
}
